// !$*UTF8*$!
{
	archiveVersion = 1;
	classes = {
	};
	objectVersion = 56;
	objects = {

/* Begin PBXBuildFile section */
		231A694F2A9F26FE00606C11 /* MomentCamApp.swift in Sources */ = {isa = PBXBuildFile; fileRef = 231A694E2A9F26FE00606C11 /* MomentCamApp.swift */; };
		231A69512A9F26FE00606C11 /* MainView.swift in Sources */ = {isa = PBXBuildFile; fileRef = 231A69502A9F26FE00606C11 /* MainView.swift */; };
		231A69532A9F26FF00606C11 /* Assets.xcassets in Resources */ = {isa = PBXBuildFile; fileRef = 231A69522A9F26FF00606C11 /* Assets.xcassets */; };
		231A69562A9F26FF00606C11 /* Preview Assets.xcassets in Resources */ = {isa = PBXBuildFile; fileRef = 231A69552A9F26FF00606C11 /* Preview Assets.xcassets */; };
		2342D98D2ABEFDD600689EAB /* SettingView.swift in Sources */ = {isa = PBXBuildFile; fileRef = 2342D98C2ABEFDD600689EAB /* SettingView.swift */; };
		2393561D2ABD53730008545B /* ImagePicker.swift in Sources */ = {isa = PBXBuildFile; fileRef = 2393561C2ABD53730008545B /* ImagePicker.swift */; };
		2393561F2ABD53800008545B /* CameraViewModel.swift in Sources */ = {isa = PBXBuildFile; fileRef = 2393561E2ABD53800008545B /* CameraViewModel.swift */; };
		239356212ABD53880008545B /* CameraModel.swift in Sources */ = {isa = PBXBuildFile; fileRef = 239356202ABD53880008545B /* CameraModel.swift */; };
		23A6B5032AA867FD00AA4F97 /* Size.swift in Sources */ = {isa = PBXBuildFile; fileRef = 23A6B5022AA867FD00AA4F97 /* Size.swift */; };
		23A6B50B2AA8683E00AA4F97 /* GalleryView.swift in Sources */ = {isa = PBXBuildFile; fileRef = 23A6B50A2AA8683E00AA4F97 /* GalleryView.swift */; };
		23BC19912AA86E24007AA2BA /* Path.swift in Sources */ = {isa = PBXBuildFile; fileRef = 23BC19902AA86E24007AA2BA /* Path.swift */; };
/* End PBXBuildFile section */

/* Begin PBXFileReference section */
		231A694B2A9F26FE00606C11 /* MomentCam.app */ = {isa = PBXFileReference; explicitFileType = wrapper.application; includeInIndex = 0; path = MomentCam.app; sourceTree = BUILT_PRODUCTS_DIR; };
		231A694E2A9F26FE00606C11 /* MomentCamApp.swift */ = {isa = PBXFileReference; lastKnownFileType = sourcecode.swift; path = MomentCamApp.swift; sourceTree = "<group>"; };
		231A69502A9F26FE00606C11 /* MainView.swift */ = {isa = PBXFileReference; lastKnownFileType = sourcecode.swift; path = MainView.swift; sourceTree = "<group>"; };
		231A69522A9F26FF00606C11 /* Assets.xcassets */ = {isa = PBXFileReference; lastKnownFileType = folder.assetcatalog; path = Assets.xcassets; sourceTree = "<group>"; };
		231A69552A9F26FF00606C11 /* Preview Assets.xcassets */ = {isa = PBXFileReference; lastKnownFileType = folder.assetcatalog; path = "Preview Assets.xcassets"; sourceTree = "<group>"; };
		2342D98C2ABEFDD600689EAB /* SettingView.swift */ = {isa = PBXFileReference; lastKnownFileType = sourcecode.swift; path = SettingView.swift; sourceTree = "<group>"; };
		2393561C2ABD53730008545B /* ImagePicker.swift */ = {isa = PBXFileReference; lastKnownFileType = sourcecode.swift; path = ImagePicker.swift; sourceTree = "<group>"; };
		2393561E2ABD53800008545B /* CameraViewModel.swift */ = {isa = PBXFileReference; lastKnownFileType = sourcecode.swift; path = CameraViewModel.swift; sourceTree = "<group>"; };
		239356202ABD53880008545B /* CameraModel.swift */ = {isa = PBXFileReference; lastKnownFileType = sourcecode.swift; path = CameraModel.swift; sourceTree = "<group>"; };
		23A6B5022AA867FD00AA4F97 /* Size.swift */ = {isa = PBXFileReference; lastKnownFileType = sourcecode.swift; name = Size.swift; path = MomentCam/View/Size.swift; sourceTree = SOURCE_ROOT; };
		23A6B50A2AA8683E00AA4F97 /* GalleryView.swift */ = {isa = PBXFileReference; lastKnownFileType = sourcecode.swift; path = GalleryView.swift; sourceTree = "<group>"; };
		23BC19902AA86E24007AA2BA /* Path.swift */ = {isa = PBXFileReference; lastKnownFileType = sourcecode.swift; name = Path.swift; path = MomentCam/ViewModel/Path.swift; sourceTree = SOURCE_ROOT; };
/* End PBXFileReference section */

/* Begin PBXFrameworksBuildPhase section */
		231A69482A9F26FE00606C11 /* Frameworks */ = {
			isa = PBXFrameworksBuildPhase;
			buildActionMask = 2147483647;
			files = (
			);
			runOnlyForDeploymentPostprocessing = 0;
		};
/* End PBXFrameworksBuildPhase section */

/* Begin PBXGroup section */
		231A69422A9F26FE00606C11 = {
			isa = PBXGroup;
			children = (
				231A694D2A9F26FE00606C11 /* MomentCam */,
				231A694C2A9F26FE00606C11 /* Products */,
			);
			sourceTree = "<group>";
		};
		231A694C2A9F26FE00606C11 /* Products */ = {
			isa = PBXGroup;
			children = (
				231A694B2A9F26FE00606C11 /* MomentCam.app */,
			);
			name = Products;
			sourceTree = "<group>";
		};
		231A694D2A9F26FE00606C11 /* MomentCam */ = {
			isa = PBXGroup;
			children = (
				231A694E2A9F26FE00606C11 /* MomentCamApp.swift */,
				231A695E2A9F272900606C11 /* Extension */,
				239356192ABD52730008545B /* Model */,
				23A6B5072AA8681600AA4F97 /* ViewModel */,
				231A695C2A9F271F00606C11 /* View */,
				231A69522A9F26FF00606C11 /* Assets.xcassets */,
				231A69542A9F26FF00606C11 /* Preview Content */,
			);
			path = MomentCam;
			sourceTree = "<group>";
		};
		231A69542A9F26FF00606C11 /* Preview Content */ = {
			isa = PBXGroup;
			children = (
				231A69552A9F26FF00606C11 /* Preview Assets.xcassets */,
			);
			path = "Preview Content";
			sourceTree = "<group>";
		};
		231A695C2A9F271F00606C11 /* View */ = {
			isa = PBXGroup;
			children = (
				231A69502A9F26FE00606C11 /* MainView.swift */,
				23A6B50A2AA8683E00AA4F97 /* GalleryView.swift */,
				2342D98C2ABEFDD600689EAB /* SettingView.swift */,
			);
			path = View;
			sourceTree = "<group>";
		};
		231A695E2A9F272900606C11 /* Extension */ = {
			isa = PBXGroup;
			children = (
				23A6B5022AA867FD00AA4F97 /* Size.swift */,
				23BC19902AA86E24007AA2BA /* Path.swift */,
				2393561C2ABD53730008545B /* ImagePicker.swift */,
			);
			path = Extension;
			sourceTree = "<group>";
		};
		239356192ABD52730008545B /* Model */ = {
			isa = PBXGroup;
			children = (
				239356202ABD53880008545B /* CameraModel.swift */,
			);
			path = Model;
			sourceTree = "<group>";
		};
		23A6B5072AA8681600AA4F97 /* ViewModel */ = {
			isa = PBXGroup;
			children = (
				2393561E2ABD53800008545B /* CameraViewModel.swift */,
			);
			path = ViewModel;
			sourceTree = "<group>";
		};
/* End PBXGroup section */

/* Begin PBXNativeTarget section */
		231A694A2A9F26FE00606C11 /* MomentCam */ = {
			isa = PBXNativeTarget;
			buildConfigurationList = 231A69592A9F26FF00606C11 /* Build configuration list for PBXNativeTarget "MomentCam" */;
			buildPhases = (
				231A69472A9F26FE00606C11 /* Sources */,
				231A69482A9F26FE00606C11 /* Frameworks */,
				231A69492A9F26FE00606C11 /* Resources */,
			);
			buildRules = (
			);
			dependencies = (
			);
			name = MomentCam;
			productName = MomentCam;
			productReference = 231A694B2A9F26FE00606C11 /* MomentCam.app */;
			productType = "com.apple.product-type.application";
		};
/* End PBXNativeTarget section */

/* Begin PBXProject section */
		231A69432A9F26FE00606C11 /* Project object */ = {
			isa = PBXProject;
			attributes = {
				BuildIndependentTargetsInParallel = 1;
				LastSwiftUpdateCheck = 1430;
				LastUpgradeCheck = 1500;
				TargetAttributes = {
					231A694A2A9F26FE00606C11 = {
						CreatedOnToolsVersion = 14.3.1;
					};
				};
			};
			buildConfigurationList = 231A69462A9F26FE00606C11 /* Build configuration list for PBXProject "MomentCam" */;
			compatibilityVersion = "Xcode 14.0";
			developmentRegion = en;
			hasScannedForEncodings = 0;
			knownRegions = (
				en,
				Base,
			);
			mainGroup = 231A69422A9F26FE00606C11;
			productRefGroup = 231A694C2A9F26FE00606C11 /* Products */;
			projectDirPath = "";
			projectRoot = "";
			targets = (
				231A694A2A9F26FE00606C11 /* MomentCam */,
			);
		};
/* End PBXProject section */

/* Begin PBXResourcesBuildPhase section */
		231A69492A9F26FE00606C11 /* Resources */ = {
			isa = PBXResourcesBuildPhase;
			buildActionMask = 2147483647;
			files = (
				231A69562A9F26FF00606C11 /* Preview Assets.xcassets in Resources */,
				231A69532A9F26FF00606C11 /* Assets.xcassets in Resources */,
			);
			runOnlyForDeploymentPostprocessing = 0;
		};
/* End PBXResourcesBuildPhase section */

/* Begin PBXSourcesBuildPhase section */
		231A69472A9F26FE00606C11 /* Sources */ = {
			isa = PBXSourcesBuildPhase;
			buildActionMask = 2147483647;
			files = (
				231A69512A9F26FE00606C11 /* MainView.swift in Sources */,
				23BC19912AA86E24007AA2BA /* Path.swift in Sources */,
				23A6B50B2AA8683E00AA4F97 /* GalleryView.swift in Sources */,
				2342D98D2ABEFDD600689EAB /* SettingView.swift in Sources */,
				2393561D2ABD53730008545B /* ImagePicker.swift in Sources */,
				2393561F2ABD53800008545B /* CameraViewModel.swift in Sources */,
				23A6B5032AA867FD00AA4F97 /* Size.swift in Sources */,
				239356212ABD53880008545B /* CameraModel.swift in Sources */,
				231A694F2A9F26FE00606C11 /* MomentCamApp.swift in Sources */,
			);
			runOnlyForDeploymentPostprocessing = 0;
		};
/* End PBXSourcesBuildPhase section */

/* Begin XCBuildConfiguration section */
		231A69572A9F26FF00606C11 /* Debug */ = {
			isa = XCBuildConfiguration;
			buildSettings = {
				ALWAYS_SEARCH_USER_PATHS = NO;
				CLANG_ANALYZER_NONNULL = YES;
				CLANG_ANALYZER_NUMBER_OBJECT_CONVERSION = YES_AGGRESSIVE;
				CLANG_CXX_LANGUAGE_STANDARD = "gnu++20";
				CLANG_ENABLE_MODULES = YES;
				CLANG_ENABLE_OBJC_ARC = YES;
				CLANG_ENABLE_OBJC_WEAK = YES;
				CLANG_WARN_BLOCK_CAPTURE_AUTORELEASING = YES;
				CLANG_WARN_BOOL_CONVERSION = YES;
				CLANG_WARN_COMMA = YES;
				CLANG_WARN_CONSTANT_CONVERSION = YES;
				CLANG_WARN_DEPRECATED_OBJC_IMPLEMENTATIONS = YES;
				CLANG_WARN_DIRECT_OBJC_ISA_USAGE = YES_ERROR;
				CLANG_WARN_DOCUMENTATION_COMMENTS = YES;
				CLANG_WARN_EMPTY_BODY = YES;
				CLANG_WARN_ENUM_CONVERSION = YES;
				CLANG_WARN_INFINITE_RECURSION = YES;
				CLANG_WARN_INT_CONVERSION = YES;
				CLANG_WARN_NON_LITERAL_NULL_CONVERSION = YES;
				CLANG_WARN_OBJC_IMPLICIT_RETAIN_SELF = YES;
				CLANG_WARN_OBJC_LITERAL_CONVERSION = YES;
				CLANG_WARN_OBJC_ROOT_CLASS = YES_ERROR;
				CLANG_WARN_QUOTED_INCLUDE_IN_FRAMEWORK_HEADER = YES;
				CLANG_WARN_RANGE_LOOP_ANALYSIS = YES;
				CLANG_WARN_STRICT_PROTOTYPES = YES;
				CLANG_WARN_SUSPICIOUS_MOVE = YES;
				CLANG_WARN_UNGUARDED_AVAILABILITY = YES_AGGRESSIVE;
				CLANG_WARN_UNREACHABLE_CODE = YES;
				CLANG_WARN__DUPLICATE_METHOD_MATCH = YES;
				COPY_PHASE_STRIP = NO;
				DEBUG_INFORMATION_FORMAT = dwarf;
				ENABLE_STRICT_OBJC_MSGSEND = YES;
				ENABLE_TESTABILITY = YES;
				ENABLE_USER_SCRIPT_SANDBOXING = YES;
				GCC_C_LANGUAGE_STANDARD = gnu11;
				GCC_DYNAMIC_NO_PIC = NO;
				GCC_NO_COMMON_BLOCKS = YES;
				GCC_OPTIMIZATION_LEVEL = 0;
				GCC_PREPROCESSOR_DEFINITIONS = (
					"DEBUG=1",
					"$(inherited)",
				);
				GCC_WARN_64_TO_32_BIT_CONVERSION = YES;
				GCC_WARN_ABOUT_RETURN_TYPE = YES_ERROR;
				GCC_WARN_UNDECLARED_SELECTOR = YES;
				GCC_WARN_UNINITIALIZED_AUTOS = YES_AGGRESSIVE;
				GCC_WARN_UNUSED_FUNCTION = YES;
				GCC_WARN_UNUSED_VARIABLE = YES;
				IPHONEOS_DEPLOYMENT_TARGET = 17.0;
				MTL_ENABLE_DEBUG_INFO = INCLUDE_SOURCE;
				MTL_FAST_MATH = YES;
				ONLY_ACTIVE_ARCH = YES;
				SDKROOT = iphoneos;
				SWIFT_ACTIVE_COMPILATION_CONDITIONS = DEBUG;
				SWIFT_OPTIMIZATION_LEVEL = "-Onone";
			};
			name = Debug;
		};
		231A69582A9F26FF00606C11 /* Release */ = {
			isa = XCBuildConfiguration;
			buildSettings = {
				ALWAYS_SEARCH_USER_PATHS = NO;
				CLANG_ANALYZER_NONNULL = YES;
				CLANG_ANALYZER_NUMBER_OBJECT_CONVERSION = YES_AGGRESSIVE;
				CLANG_CXX_LANGUAGE_STANDARD = "gnu++20";
				CLANG_ENABLE_MODULES = YES;
				CLANG_ENABLE_OBJC_ARC = YES;
				CLANG_ENABLE_OBJC_WEAK = YES;
				CLANG_WARN_BLOCK_CAPTURE_AUTORELEASING = YES;
				CLANG_WARN_BOOL_CONVERSION = YES;
				CLANG_WARN_COMMA = YES;
				CLANG_WARN_CONSTANT_CONVERSION = YES;
				CLANG_WARN_DEPRECATED_OBJC_IMPLEMENTATIONS = YES;
				CLANG_WARN_DIRECT_OBJC_ISA_USAGE = YES_ERROR;
				CLANG_WARN_DOCUMENTATION_COMMENTS = YES;
				CLANG_WARN_EMPTY_BODY = YES;
				CLANG_WARN_ENUM_CONVERSION = YES;
				CLANG_WARN_INFINITE_RECURSION = YES;
				CLANG_WARN_INT_CONVERSION = YES;
				CLANG_WARN_NON_LITERAL_NULL_CONVERSION = YES;
				CLANG_WARN_OBJC_IMPLICIT_RETAIN_SELF = YES;
				CLANG_WARN_OBJC_LITERAL_CONVERSION = YES;
				CLANG_WARN_OBJC_ROOT_CLASS = YES_ERROR;
				CLANG_WARN_QUOTED_INCLUDE_IN_FRAMEWORK_HEADER = YES;
				CLANG_WARN_RANGE_LOOP_ANALYSIS = YES;
				CLANG_WARN_STRICT_PROTOTYPES = YES;
				CLANG_WARN_SUSPICIOUS_MOVE = YES;
				CLANG_WARN_UNGUARDED_AVAILABILITY = YES_AGGRESSIVE;
				CLANG_WARN_UNREACHABLE_CODE = YES;
				CLANG_WARN__DUPLICATE_METHOD_MATCH = YES;
				COPY_PHASE_STRIP = NO;
				DEBUG_INFORMATION_FORMAT = "dwarf-with-dsym";
				ENABLE_NS_ASSERTIONS = NO;
				ENABLE_STRICT_OBJC_MSGSEND = YES;
				ENABLE_USER_SCRIPT_SANDBOXING = YES;
				GCC_C_LANGUAGE_STANDARD = gnu11;
				GCC_NO_COMMON_BLOCKS = YES;
				GCC_WARN_64_TO_32_BIT_CONVERSION = YES;
				GCC_WARN_ABOUT_RETURN_TYPE = YES_ERROR;
				GCC_WARN_UNDECLARED_SELECTOR = YES;
				GCC_WARN_UNINITIALIZED_AUTOS = YES_AGGRESSIVE;
				GCC_WARN_UNUSED_FUNCTION = YES;
				GCC_WARN_UNUSED_VARIABLE = YES;
				IPHONEOS_DEPLOYMENT_TARGET = 17.0;
				MTL_ENABLE_DEBUG_INFO = NO;
				MTL_FAST_MATH = YES;
				SDKROOT = iphoneos;
				SWIFT_COMPILATION_MODE = wholemodule;
				SWIFT_OPTIMIZATION_LEVEL = "-O";
				VALIDATE_PRODUCT = YES;
			};
			name = Release;
		};
		231A695A2A9F26FF00606C11 /* Debug */ = {
			isa = XCBuildConfiguration;
			buildSettings = {
				ASSETCATALOG_COMPILER_APPICON_NAME = AppIcon;
				ASSETCATALOG_COMPILER_GLOBAL_ACCENT_COLOR_NAME = AccentColor;
				CODE_SIGN_STYLE = Automatic;
				CURRENT_PROJECT_VERSION = 1;
				DEVELOPMENT_ASSET_PATHS = "\"MomentCam/Preview Content\"";
				DEVELOPMENT_TEAM = CV4G9J35Y5;
				ENABLE_PREVIEWS = YES;
				GENERATE_INFOPLIST_FILE = YES;
				INFOPLIST_KEY_UIApplicationSceneManifest_Generation = YES;
				INFOPLIST_KEY_UIApplicationSupportsIndirectInputEvents = YES;
				INFOPLIST_KEY_UILaunchScreen_Generation = YES;
				INFOPLIST_KEY_UISupportedInterfaceOrientations_iPad = "UIInterfaceOrientationPortrait UIInterfaceOrientationPortraitUpsideDown UIInterfaceOrientationLandscapeLeft UIInterfaceOrientationLandscapeRight";
				INFOPLIST_KEY_UISupportedInterfaceOrientations_iPhone = "UIInterfaceOrientationPortrait UIInterfaceOrientationLandscapeLeft UIInterfaceOrientationLandscapeRight";
				LD_RUNPATH_SEARCH_PATHS = (
					"$(inherited)",
					"@executable_path/Frameworks",
				);
				MARKETING_VERSION = 1.0;
				PRODUCT_BUNDLE_IDENTIFIER = mollangcow.MomentCam;
				PRODUCT_NAME = "$(TARGET_NAME)";
				SWIFT_EMIT_LOC_STRINGS = YES;
				SWIFT_VERSION = 5.0;
				TARGETED_DEVICE_FAMILY = "1,2";
			};
			name = Debug;
		};
		231A695B2A9F26FF00606C11 /* Release */ = {
			isa = XCBuildConfiguration;
			buildSettings = {
				ASSETCATALOG_COMPILER_APPICON_NAME = AppIcon;
				ASSETCATALOG_COMPILER_GLOBAL_ACCENT_COLOR_NAME = AccentColor;
				CODE_SIGN_STYLE = Automatic;
				CURRENT_PROJECT_VERSION = 1;
				DEVELOPMENT_ASSET_PATHS = "\"MomentCam/Preview Content\"";
				DEVELOPMENT_TEAM = CV4G9J35Y5;
				ENABLE_PREVIEWS = YES;
				GENERATE_INFOPLIST_FILE = YES;
				INFOPLIST_KEY_UIApplicationSceneManifest_Generation = YES;
				INFOPLIST_KEY_UIApplicationSupportsIndirectInputEvents = YES;
				INFOPLIST_KEY_UILaunchScreen_Generation = YES;
				INFOPLIST_KEY_UISupportedInterfaceOrientations_iPad = "UIInterfaceOrientationPortrait UIInterfaceOrientationPortraitUpsideDown UIInterfaceOrientationLandscapeLeft UIInterfaceOrientationLandscapeRight";
				INFOPLIST_KEY_UISupportedInterfaceOrientations_iPhone = "UIInterfaceOrientationPortrait UIInterfaceOrientationLandscapeLeft UIInterfaceOrientationLandscapeRight";
				LD_RUNPATH_SEARCH_PATHS = (
					"$(inherited)",
					"@executable_path/Frameworks",
				);
				MARKETING_VERSION = 1.0;
				PRODUCT_BUNDLE_IDENTIFIER = mollangcow.MomentCam;
				PRODUCT_NAME = "$(TARGET_NAME)";
				SWIFT_EMIT_LOC_STRINGS = YES;
				SWIFT_VERSION = 5.0;
				TARGETED_DEVICE_FAMILY = "1,2";
			};
			name = Release;
		};
/* End XCBuildConfiguration section */

/* Begin XCConfigurationList section */
		231A69462A9F26FE00606C11 /* Build configuration list for PBXProject "MomentCam" */ = {
			isa = XCConfigurationList;
			buildConfigurations = (
				231A69572A9F26FF00606C11 /* Debug */,
				231A69582A9F26FF00606C11 /* Release */,
			);
			defaultConfigurationIsVisible = 0;
			defaultConfigurationName = Release;
		};
		231A69592A9F26FF00606C11 /* Build configuration list for PBXNativeTarget "MomentCam" */ = {
			isa = XCConfigurationList;
			buildConfigurations = (
				231A695A2A9F26FF00606C11 /* Debug */,
				231A695B2A9F26FF00606C11 /* Release */,
			);
			defaultConfigurationIsVisible = 0;
			defaultConfigurationName = Release;
		};
/* End XCConfigurationList section */
	};
	rootObject = 231A69432A9F26FE00606C11 /* Project object */;
}
